
Microsoft Visual Studio Solution File, Format Version 12.00
# Visual Studio Version 16
VisualStudioVersion = 16.0.31911.196
MinimumVisualStudioVersion = 10.0.40219.1
Project("{9A19103F-16F7-4668-BE54-9A1E7A4F7556}") = "ahmadApp", "ahmadApp\ahmadApp.csproj", "{A15B8080-5BAB-439A-B5AB-CCB31DBDC212}"
EndProject
Project("{FAE04EC0-301F-11D3-BF4B-00C04F79EFBC}") = "DataAccessLayer", "DataAccessLayer\DataAccessLayer.csproj", "{2995F91F-8AF0-4FBF-A4D8-50A94441A8EF}"
EndProject
Project("{FAE04EC0-301F-11D3-BF4B-00C04F79EFBC}") = "Models", "Models\Models.csproj", "{BCC08A2E-A68D-4297-9258-2357F75F641E}"
EndProject
Global
	GlobalSection(SolutionConfigurationPlatforms) = preSolution
		Debug|Any CPU = Debug|Any CPU
		Release|Any CPU = Release|Any CPU
	EndGlobalSection
	GlobalSection(ProjectConfigurationPlatforms) = postSolution
		{A15B8080-5BAB-439A-B5AB-CCB31DBDC212}.Debug|Any CPU.ActiveCfg = Debug|Any CPU
		{A15B8080-5BAB-439A-B5AB-CCB31DBDC212}.Debug|Any CPU.Build.0 = Debug|Any CPU
		{A15B8080-5BAB-439A-B5AB-CCB31DBDC212}.Release|Any CPU.ActiveCfg = Release|Any CPU
		{A15B8080-5BAB-439A-B5AB-CCB31DBDC212}.Release|Any CPU.Build.0 = Release|Any CPU
		{2995F91F-8AF0-4FBF-A4D8-50A94441A8EF}.Debug|Any CPU.ActiveCfg = Debug|Any CPU
		{2995F91F-8AF0-4FBF-A4D8-50A94441A8EF}.Debug|Any CPU.Build.0 = Debug|Any CPU
		{2995F91F-8AF0-4FBF-A4D8-50A94441A8EF}.Release|Any CPU.ActiveCfg = Release|Any CPU
		{2995F91F-8AF0-4FBF-A4D8-50A94441A8EF}.Release|Any CPU.Build.0 = Release|Any CPU
		{BCC08A2E-A68D-4297-9258-2357F75F641E}.Debug|Any CPU.ActiveCfg = Debug|Any CPU
		{BCC08A2E-A68D-4297-9258-2357F75F641E}.Debug|Any CPU.Build.0 = Debug|Any CPU
		{BCC08A2E-A68D-4297-9258-2357F75F641E}.Release|Any CPU.ActiveCfg = Release|Any CPU
		{BCC08A2E-A68D-4297-9258-2357F75F641E}.Release|Any CPU.Build.0 = Release|Any CPU
	EndGlobalSection
	GlobalSection(SolutionProperties) = preSolution
		HideSolutionNode = FALSE
	EndGlobalSection
	GlobalSection(ExtensibilityGlobals) = postSolution
		SolutionGuid = {4F80D71B-6CBD-4118-81EF-DDE809DFDACC}
	EndGlobalSection
EndGlobal
